schema: '2.0'
stages:
  execute_pipeline:
    cmd: python run_pipeline.py
    deps:
    - path: data/RawDataMergedFinal.csv
      hash: md5
      md5: dd221f433a02981d9d3c1c9b6d99fa88
      size: 122492
    - path: run_pipeline.py
      hash: md5
      md5: 2704b3a8455402f4a46cde774875c6a1
      size: 1884
    - path: src/
      hash: md5
      md5: ca107761b635d254d44786319e3746b7.dir
      size: 61395
      nfiles: 18
    params:
      params.yaml:
        data_transformation.physics_mode: full
        model_training.hyperparameter_tuning: false
        model_training.model_name: NeuralNetwork
        pipeline_control.log_to_mlflow: true
    outs:
    - path: artifacts/
      hash: md5
      md5: bbcec21925d7ffd06e49fa948024b533.dir
      size: 419181
      nfiles: 7
